
Microsoft Visual Studio Solution File, Format Version 12.00
# Visual Studio Version 16
VisualStudioVersion = 16.6.30114.105
MinimumVisualStudioVersion = 10.0.40219.1
Project("{FAE04EC0-301F-11D3-BF4B-00C04F79EFBC}") = "AIGProject.WcfServiceLibrary", "Infrastructure\Services\AIGProject.WcfServiceLibrary\AIGProject.WcfServiceLibrary.csproj", "{63025550-762D-4F27-B5AF-8D865133C47D}"
EndProject
Project("{2150E333-8FDC-42A3-9474-1A3956D46DE8}") = "Infrastructure", "Infrastructure", "{42B4CE0A-0BFD-46EE-8B10-2368F1F68D2B}"
EndProject
Project("{2150E333-8FDC-42A3-9474-1A3956D46DE8}") = "Application", "Application", "{13C83440-D870-4390-B046-C8AA6629B8C3}"
EndProject
Project("{2150E333-8FDC-42A3-9474-1A3956D46DE8}") = "Domain", "Domain", "{BED7EC68-63EC-493E-834A-3270BD5A2072}"
EndProject
Project("{2150E333-8FDC-42A3-9474-1A3956D46DE8}") = "WebUI", "WebUI", "{2D7630F1-9698-40C8-87BC-4DFBC65CC917}"
EndProject
Project("{2150E333-8FDC-42A3-9474-1A3956D46DE8}") = "Services", "Services", "{41967037-AE5B-4573-B828-236F22A478E9}"
EndProject
Project("{00D1A9C2-B5F0-4AF3-8072-F6C62B433612}") = "AIGProject.Database", "Domain\Database\AIGProject.Database\AIGProject.Database.sqlproj", "{DD87888D-EA43-4833-9D20-27432A9CB38B}"
EndProject
Project("{2150E333-8FDC-42A3-9474-1A3956D46DE8}") = "Database", "Database", "{0F983DC3-F47E-49C8-8331-FA9B327EEF87}"
EndProject
Project("{FAE04EC0-301F-11D3-BF4B-00C04F79EFBC}") = "AIGProject.Application", "Application\AIGProject.Application\AIGProject.Application.csproj", "{97A5F608-AA08-4096-8F83-9EB818649CE7}"
EndProject
Project("{2150E333-8FDC-42A3-9474-1A3956D46DE8}") = "src", "src", "{12ED69B8-EF14-4337-BBE2-A97D44870E0F}"
EndProject
Project("{2150E333-8FDC-42A3-9474-1A3956D46DE8}") = "tests", "tests", "{BEFA2855-CB21-4857-A17B-68B4E7E51DAC}"
EndProject
Project("{FAE04EC0-301F-11D3-BF4B-00C04F79EFBC}") = "AIGProject.Tests", "..\tests\AIGProject.Tests\AIGProject.Tests.csproj", "{8A443667-AE5E-4988-A203-27559DEAFBB1}"
EndProject
Project("{FAE04EC0-301F-11D3-BF4B-00C04F79EFBC}") = "AIGProject.WebUI", "WebUI\AIGProject.WebUI\AIGProject.WebUI.csproj", "{097C1C6D-813F-43C9-AE6C-EA6B2105E13F}"
EndProject
Global
	GlobalSection(SolutionConfigurationPlatforms) = preSolution
		Debug|Any CPU = Debug|Any CPU
		Debug|x64 = Debug|x64
		Debug|x86 = Debug|x86
		Release|Any CPU = Release|Any CPU
		Release|x64 = Release|x64
		Release|x86 = Release|x86
	EndGlobalSection
	GlobalSection(ProjectConfigurationPlatforms) = postSolution
		{63025550-762D-4F27-B5AF-8D865133C47D}.Debug|Any CPU.ActiveCfg = Debug|Any CPU
		{63025550-762D-4F27-B5AF-8D865133C47D}.Debug|Any CPU.Build.0 = Debug|Any CPU
		{63025550-762D-4F27-B5AF-8D865133C47D}.Debug|x64.ActiveCfg = Debug|Any CPU
		{63025550-762D-4F27-B5AF-8D865133C47D}.Debug|x64.Build.0 = Debug|Any CPU
		{63025550-762D-4F27-B5AF-8D865133C47D}.Debug|x86.ActiveCfg = Debug|Any CPU
		{63025550-762D-4F27-B5AF-8D865133C47D}.Debug|x86.Build.0 = Debug|Any CPU
		{63025550-762D-4F27-B5AF-8D865133C47D}.Release|Any CPU.ActiveCfg = Release|Any CPU
		{63025550-762D-4F27-B5AF-8D865133C47D}.Release|Any CPU.Build.0 = Release|Any CPU
		{63025550-762D-4F27-B5AF-8D865133C47D}.Release|x64.ActiveCfg = Release|Any CPU
		{63025550-762D-4F27-B5AF-8D865133C47D}.Release|x64.Build.0 = Release|Any CPU
		{63025550-762D-4F27-B5AF-8D865133C47D}.Release|x86.ActiveCfg = Release|Any CPU
		{63025550-762D-4F27-B5AF-8D865133C47D}.Release|x86.Build.0 = Release|Any CPU
		{DD87888D-EA43-4833-9D20-27432A9CB38B}.Debug|Any CPU.ActiveCfg = Debug|Any CPU
		{DD87888D-EA43-4833-9D20-27432A9CB38B}.Debug|Any CPU.Build.0 = Debug|Any CPU
		{DD87888D-EA43-4833-9D20-27432A9CB38B}.Debug|Any CPU.Deploy.0 = Debug|Any CPU
		{DD87888D-EA43-4833-9D20-27432A9CB38B}.Debug|x64.ActiveCfg = Debug|Any CPU
		{DD87888D-EA43-4833-9D20-27432A9CB38B}.Debug|x64.Build.0 = Debug|Any CPU
		{DD87888D-EA43-4833-9D20-27432A9CB38B}.Debug|x64.Deploy.0 = Debug|Any CPU
		{DD87888D-EA43-4833-9D20-27432A9CB38B}.Debug|x86.ActiveCfg = Debug|Any CPU
		{DD87888D-EA43-4833-9D20-27432A9CB38B}.Debug|x86.Build.0 = Debug|Any CPU
		{DD87888D-EA43-4833-9D20-27432A9CB38B}.Debug|x86.Deploy.0 = Debug|Any CPU
		{DD87888D-EA43-4833-9D20-27432A9CB38B}.Release|Any CPU.ActiveCfg = Release|Any CPU
		{DD87888D-EA43-4833-9D20-27432A9CB38B}.Release|Any CPU.Build.0 = Release|Any CPU
		{DD87888D-EA43-4833-9D20-27432A9CB38B}.Release|Any CPU.Deploy.0 = Release|Any CPU
		{DD87888D-EA43-4833-9D20-27432A9CB38B}.Release|x64.ActiveCfg = Release|Any CPU
		{DD87888D-EA43-4833-9D20-27432A9CB38B}.Release|x64.Build.0 = Release|Any CPU
		{DD87888D-EA43-4833-9D20-27432A9CB38B}.Release|x64.Deploy.0 = Release|Any CPU
		{DD87888D-EA43-4833-9D20-27432A9CB38B}.Release|x86.ActiveCfg = Release|Any CPU
		{DD87888D-EA43-4833-9D20-27432A9CB38B}.Release|x86.Build.0 = Release|Any CPU
		{DD87888D-EA43-4833-9D20-27432A9CB38B}.Release|x86.Deploy.0 = Release|Any CPU
		{97A5F608-AA08-4096-8F83-9EB818649CE7}.Debug|Any CPU.ActiveCfg = Debug|Any CPU
		{97A5F608-AA08-4096-8F83-9EB818649CE7}.Debug|Any CPU.Build.0 = Debug|Any CPU
		{97A5F608-AA08-4096-8F83-9EB818649CE7}.Debug|x64.ActiveCfg = Debug|Any CPU
		{97A5F608-AA08-4096-8F83-9EB818649CE7}.Debug|x64.Build.0 = Debug|Any CPU
		{97A5F608-AA08-4096-8F83-9EB818649CE7}.Debug|x86.ActiveCfg = Debug|Any CPU
		{97A5F608-AA08-4096-8F83-9EB818649CE7}.Debug|x86.Build.0 = Debug|Any CPU
		{97A5F608-AA08-4096-8F83-9EB818649CE7}.Release|Any CPU.ActiveCfg = Release|Any CPU
		{97A5F608-AA08-4096-8F83-9EB818649CE7}.Release|Any CPU.Build.0 = Release|Any CPU
		{97A5F608-AA08-4096-8F83-9EB818649CE7}.Release|x64.ActiveCfg = Release|Any CPU
		{97A5F608-AA08-4096-8F83-9EB818649CE7}.Release|x64.Build.0 = Release|Any CPU
		{97A5F608-AA08-4096-8F83-9EB818649CE7}.Release|x86.ActiveCfg = Release|Any CPU
		{97A5F608-AA08-4096-8F83-9EB818649CE7}.Release|x86.Build.0 = Release|Any CPU
		{8A443667-AE5E-4988-A203-27559DEAFBB1}.Debug|Any CPU.ActiveCfg = Debug|Any CPU
		{8A443667-AE5E-4988-A203-27559DEAFBB1}.Debug|Any CPU.Build.0 = Debug|Any CPU
		{8A443667-AE5E-4988-A203-27559DEAFBB1}.Debug|x64.ActiveCfg = Debug|Any CPU
		{8A443667-AE5E-4988-A203-27559DEAFBB1}.Debug|x64.Build.0 = Debug|Any CPU
		{8A443667-AE5E-4988-A203-27559DEAFBB1}.Debug|x86.ActiveCfg = Debug|Any CPU
		{8A443667-AE5E-4988-A203-27559DEAFBB1}.Debug|x86.Build.0 = Debug|Any CPU
		{8A443667-AE5E-4988-A203-27559DEAFBB1}.Release|Any CPU.ActiveCfg = Release|Any CPU
		{8A443667-AE5E-4988-A203-27559DEAFBB1}.Release|Any CPU.Build.0 = Release|Any CPU
		{8A443667-AE5E-4988-A203-27559DEAFBB1}.Release|x64.ActiveCfg = Release|Any CPU
		{8A443667-AE5E-4988-A203-27559DEAFBB1}.Release|x64.Build.0 = Release|Any CPU
		{8A443667-AE5E-4988-A203-27559DEAFBB1}.Release|x86.ActiveCfg = Release|Any CPU
		{8A443667-AE5E-4988-A203-27559DEAFBB1}.Release|x86.Build.0 = Release|Any CPU
		{097C1C6D-813F-43C9-AE6C-EA6B2105E13F}.Debug|Any CPU.ActiveCfg = Debug|Any CPU
		{097C1C6D-813F-43C9-AE6C-EA6B2105E13F}.Debug|Any CPU.Build.0 = Debug|Any CPU
		{097C1C6D-813F-43C9-AE6C-EA6B2105E13F}.Debug|x64.ActiveCfg = Debug|Any CPU
		{097C1C6D-813F-43C9-AE6C-EA6B2105E13F}.Debug|x64.Build.0 = Debug|Any CPU
		{097C1C6D-813F-43C9-AE6C-EA6B2105E13F}.Debug|x86.ActiveCfg = Debug|Any CPU
		{097C1C6D-813F-43C9-AE6C-EA6B2105E13F}.Debug|x86.Build.0 = Debug|Any CPU
		{097C1C6D-813F-43C9-AE6C-EA6B2105E13F}.Release|Any CPU.ActiveCfg = Release|Any CPU
		{097C1C6D-813F-43C9-AE6C-EA6B2105E13F}.Release|Any CPU.Build.0 = Release|Any CPU
		{097C1C6D-813F-43C9-AE6C-EA6B2105E13F}.Release|x64.ActiveCfg = Release|Any CPU
		{097C1C6D-813F-43C9-AE6C-EA6B2105E13F}.Release|x64.Build.0 = Release|Any CPU
		{097C1C6D-813F-43C9-AE6C-EA6B2105E13F}.Release|x86.ActiveCfg = Release|Any CPU
		{097C1C6D-813F-43C9-AE6C-EA6B2105E13F}.Release|x86.Build.0 = Release|Any CPU
	EndGlobalSection
	GlobalSection(SolutionProperties) = preSolution
		HideSolutionNode = FALSE
	EndGlobalSection
	GlobalSection(NestedProjects) = preSolution
		{63025550-762D-4F27-B5AF-8D865133C47D} = {41967037-AE5B-4573-B828-236F22A478E9}
		{42B4CE0A-0BFD-46EE-8B10-2368F1F68D2B} = {12ED69B8-EF14-4337-BBE2-A97D44870E0F}
		{13C83440-D870-4390-B046-C8AA6629B8C3} = {12ED69B8-EF14-4337-BBE2-A97D44870E0F}
		{BED7EC68-63EC-493E-834A-3270BD5A2072} = {12ED69B8-EF14-4337-BBE2-A97D44870E0F}
		{2D7630F1-9698-40C8-87BC-4DFBC65CC917} = {12ED69B8-EF14-4337-BBE2-A97D44870E0F}
		{41967037-AE5B-4573-B828-236F22A478E9} = {42B4CE0A-0BFD-46EE-8B10-2368F1F68D2B}
		{DD87888D-EA43-4833-9D20-27432A9CB38B} = {0F983DC3-F47E-49C8-8331-FA9B327EEF87}
		{0F983DC3-F47E-49C8-8331-FA9B327EEF87} = {BED7EC68-63EC-493E-834A-3270BD5A2072}
		{97A5F608-AA08-4096-8F83-9EB818649CE7} = {13C83440-D870-4390-B046-C8AA6629B8C3}
		{8A443667-AE5E-4988-A203-27559DEAFBB1} = {BEFA2855-CB21-4857-A17B-68B4E7E51DAC}
		{097C1C6D-813F-43C9-AE6C-EA6B2105E13F} = {2D7630F1-9698-40C8-87BC-4DFBC65CC917}
	EndGlobalSection
	GlobalSection(ExtensibilityGlobals) = postSolution
		SolutionGuid = {4B173E48-EF2B-4BD3-851B-22C5C64BD564}
	EndGlobalSection
EndGlobal
